// !$*UTF8*$!
{
	archiveVersion = 1;
	classes = {
	};
	objectVersion = 55;
	objects = {

/* Begin PBXBuildFile section */
		B9CE504B2707BA7900FCD024 /* UIView+AVCaptureVideoPreviewLayer.m in Sources */ = {isa = PBXBuildFile; fileRef = B9CE504A2707BA7900FCD024 /* UIView+AVCaptureVideoPreviewLayer.m */; };
		B9CE504E2707D5E600FCD024 /* CaptureSessionConfigurationQueue.c in Sources */ = {isa = PBXBuildFile; fileRef = B9CE504D2707D5E600FCD024 /* CaptureSessionConfigurationQueue.c */; };
		B9CE5051270A429400FCD024 /* ScaleSliderOverlayLayer.m in Sources */ = {isa = PBXBuildFile; fileRef = B9CE504F270A429300FCD024 /* ScaleSliderOverlayLayer.m */; };
		B9CE5054270A42E800FCD024 /* ScrollViewSlider.m in Sources */ = {isa = PBXBuildFile; fileRef = B9CE5053270A42E800FCD024 /* ScrollViewSlider.m */; };
		B9E2CF8326FFB2D7008D617E /* AppDelegate.m in Sources */ = {isa = PBXBuildFile; fileRef = B9E2CF8226FFB2D7008D617E /* AppDelegate.m */; };
		B9E2CF8626FFB2D7008D617E /* SceneDelegate.m in Sources */ = {isa = PBXBuildFile; fileRef = B9E2CF8526FFB2D7008D617E /* SceneDelegate.m */; };
		B9E2CF8926FFB2D7008D617E /* ViewController.m in Sources */ = {isa = PBXBuildFile; fileRef = B9E2CF8826FFB2D7008D617E /* ViewController.m */; };
		B9E2CF8C26FFB2D7008D617E /* Main.storyboard in Resources */ = {isa = PBXBuildFile; fileRef = B9E2CF8A26FFB2D7008D617E /* Main.storyboard */; };
		B9E2CF8E26FFB2D9008D617E /* Assets.xcassets in Resources */ = {isa = PBXBuildFile; fileRef = B9E2CF8D26FFB2D9008D617E /* Assets.xcassets */; };
		B9E2CF9126FFB2D9008D617E /* LaunchScreen.storyboard in Resources */ = {isa = PBXBuildFile; fileRef = B9E2CF8F26FFB2D9008D617E /* LaunchScreen.storyboard */; };
		B9E2CF9426FFB2D9008D617E /* main.m in Sources */ = {isa = PBXBuildFile; fileRef = B9E2CF9326FFB2D9008D617E /* main.m */; };
/* End PBXBuildFile section */

/* Begin PBXFileReference section */
		B9CE50492707BA7900FCD024 /* UIView+AVCaptureVideoPreviewLayer.h */ = {isa = PBXFileReference; lastKnownFileType = sourcecode.c.h; path = "UIView+AVCaptureVideoPreviewLayer.h"; sourceTree = "<group>"; };
		B9CE504A2707BA7900FCD024 /* UIView+AVCaptureVideoPreviewLayer.m */ = {isa = PBXFileReference; lastKnownFileType = sourcecode.c.objc; path = "UIView+AVCaptureVideoPreviewLayer.m"; sourceTree = "<group>"; };
		B9CE504C2707D5E600FCD024 /* CaptureSessionConfigurationQueue.h */ = {isa = PBXFileReference; fileEncoding = 4; lastKnownFileType = sourcecode.c.h; path = CaptureSessionConfigurationQueue.h; sourceTree = "<group>"; };
		B9CE504D2707D5E600FCD024 /* CaptureSessionConfigurationQueue.c */ = {isa = PBXFileReference; fileEncoding = 4; lastKnownFileType = sourcecode.c.c; path = CaptureSessionConfigurationQueue.c; sourceTree = "<group>"; };
		B9CE504F270A429300FCD024 /* ScaleSliderOverlayLayer.m */ = {isa = PBXFileReference; fileEncoding = 4; lastKnownFileType = sourcecode.c.objc; path = ScaleSliderOverlayLayer.m; sourceTree = "<group>"; };
		B9CE5050270A429400FCD024 /* ScaleSliderOverlayLayer.h */ = {isa = PBXFileReference; fileEncoding = 4; lastKnownFileType = sourcecode.c.h; path = ScaleSliderOverlayLayer.h; sourceTree = "<group>"; };
		B9CE5052270A42E800FCD024 /* ScrollViewSlider.h */ = {isa = PBXFileReference; lastKnownFileType = sourcecode.c.h; path = ScrollViewSlider.h; sourceTree = "<group>"; };
		B9CE5053270A42E800FCD024 /* ScrollViewSlider.m */ = {isa = PBXFileReference; lastKnownFileType = sourcecode.c.objc; path = ScrollViewSlider.m; sourceTree = "<group>"; };
		B9E2CF7E26FFB2D7008D617E /* ChromaCam.app */ = {isa = PBXFileReference; explicitFileType = wrapper.application; includeInIndex = 0; path = ChromaCam.app; sourceTree = BUILT_PRODUCTS_DIR; };
		B9E2CF8126FFB2D7008D617E /* AppDelegate.h */ = {isa = PBXFileReference; lastKnownFileType = sourcecode.c.h; path = AppDelegate.h; sourceTree = "<group>"; };
		B9E2CF8226FFB2D7008D617E /* AppDelegate.m */ = {isa = PBXFileReference; lastKnownFileType = sourcecode.c.objc; path = AppDelegate.m; sourceTree = "<group>"; };
		B9E2CF8426FFB2D7008D617E /* SceneDelegate.h */ = {isa = PBXFileReference; lastKnownFileType = sourcecode.c.h; path = SceneDelegate.h; sourceTree = "<group>"; };
		B9E2CF8526FFB2D7008D617E /* SceneDelegate.m */ = {isa = PBXFileReference; lastKnownFileType = sourcecode.c.objc; path = SceneDelegate.m; sourceTree = "<group>"; };
		B9E2CF8726FFB2D7008D617E /* ViewController.h */ = {isa = PBXFileReference; lastKnownFileType = sourcecode.c.h; path = ViewController.h; sourceTree = "<group>"; };
		B9E2CF8826FFB2D7008D617E /* ViewController.m */ = {isa = PBXFileReference; lastKnownFileType = sourcecode.c.objc; path = ViewController.m; sourceTree = "<group>"; wrapsLines = 0; };
		B9E2CF8B26FFB2D7008D617E /* Base */ = {isa = PBXFileReference; lastKnownFileType = file.storyboard; name = Base; path = Base.lproj/Main.storyboard; sourceTree = "<group>"; };
		B9E2CF8D26FFB2D9008D617E /* Assets.xcassets */ = {isa = PBXFileReference; lastKnownFileType = folder.assetcatalog; path = Assets.xcassets; sourceTree = "<group>"; };
		B9E2CF9026FFB2D9008D617E /* Base */ = {isa = PBXFileReference; lastKnownFileType = file.storyboard; name = Base; path = Base.lproj/LaunchScreen.storyboard; sourceTree = "<group>"; };
		B9E2CF9226FFB2D9008D617E /* Info.plist */ = {isa = PBXFileReference; lastKnownFileType = text.plist.xml; path = Info.plist; sourceTree = "<group>"; };
		B9E2CF9326FFB2D9008D617E /* main.m */ = {isa = PBXFileReference; lastKnownFileType = sourcecode.c.objc; path = main.m; sourceTree = "<group>"; };
/* End PBXFileReference section */

/* Begin PBXFrameworksBuildPhase section */
		B9E2CF7B26FFB2D7008D617E /* Frameworks */ = {
			isa = PBXFrameworksBuildPhase;
			buildActionMask = 2147483647;
			files = (
			);
			runOnlyForDeploymentPostprocessing = 0;
		};
/* End PBXFrameworksBuildPhase section */

/* Begin PBXGroup section */
		B9CE5055270A444000FCD024 /* Scroll View */ = {
			isa = PBXGroup;
			children = (
				B9CE5052270A42E800FCD024 /* ScrollViewSlider.h */,
				B9CE5053270A42E800FCD024 /* ScrollViewSlider.m */,
				B9CE5050270A429400FCD024 /* ScaleSliderOverlayLayer.h */,
				B9CE504F270A429300FCD024 /* ScaleSliderOverlayLayer.m */,
			);
			path = "Scroll View";
			sourceTree = "<group>";
		};
		B9E2CF7526FFB2D7008D617E = {
			isa = PBXGroup;
			children = (
				B9E2CF8026FFB2D7008D617E /* ChromaCam */,
				B9E2CF7F26FFB2D7008D617E /* Products */,
			);
			sourceTree = "<group>";
		};
		B9E2CF7F26FFB2D7008D617E /* Products */ = {
			isa = PBXGroup;
			children = (
				B9E2CF7E26FFB2D7008D617E /* ChromaCam.app */,
			);
			name = Products;
			sourceTree = "<group>";
		};
		B9E2CF8026FFB2D7008D617E /* ChromaCam */ = {
			isa = PBXGroup;
			children = (
				B9E2CF8126FFB2D7008D617E /* AppDelegate.h */,
				B9E2CF8426FFB2D7008D617E /* SceneDelegate.h */,
				B9E2CF8526FFB2D7008D617E /* SceneDelegate.m */,
				B9E2CF8726FFB2D7008D617E /* ViewController.h */,
				B9E2CF8826FFB2D7008D617E /* ViewController.m */,
				B9CE5055270A444000FCD024 /* Scroll View */,
				B9CE50492707BA7900FCD024 /* UIView+AVCaptureVideoPreviewLayer.h */,
				B9CE504A2707BA7900FCD024 /* UIView+AVCaptureVideoPreviewLayer.m */,
				B9CE504C2707D5E600FCD024 /* CaptureSessionConfigurationQueue.h */,
				B9CE504D2707D5E600FCD024 /* CaptureSessionConfigurationQueue.c */,
				B9E2CF8226FFB2D7008D617E /* AppDelegate.m */,
				B9E2CF8A26FFB2D7008D617E /* Main.storyboard */,
				B9E2CF8D26FFB2D9008D617E /* Assets.xcassets */,
				B9E2CF9226FFB2D9008D617E /* Info.plist */,
				B9E2CF9326FFB2D9008D617E /* main.m */,
				B9E2CF8F26FFB2D9008D617E /* LaunchScreen.storyboard */,
			);
			path = ChromaCam;
			sourceTree = "<group>";
		};
/* End PBXGroup section */

/* Begin PBXNativeTarget section */
		B9E2CF7D26FFB2D7008D617E /* ChromaCam */ = {
			isa = PBXNativeTarget;
			buildConfigurationList = B9E2CF9726FFB2D9008D617E /* Build configuration list for PBXNativeTarget "ChromaCam" */;
			buildPhases = (
				B9E2CF7A26FFB2D7008D617E /* Sources */,
				B9E2CF7B26FFB2D7008D617E /* Frameworks */,
				B9E2CF7C26FFB2D7008D617E /* Resources */,
			);
			buildRules = (
			);
			dependencies = (
			);
			name = ChromaCam;
			productName = ChromaCam;
			productReference = B9E2CF7E26FFB2D7008D617E /* ChromaCam.app */;
			productType = "com.apple.product-type.application";
		};
/* End PBXNativeTarget section */

/* Begin PBXProject section */
		B9E2CF7626FFB2D7008D617E /* Project object */ = {
			isa = PBXProject;
			attributes = {
				BuildIndependentTargetsInParallel = 1;
				LastUpgradeCheck = 1300;
				TargetAttributes = {
					B9E2CF7D26FFB2D7008D617E = {
						CreatedOnToolsVersion = 13.0;
					};
				};
			};
			buildConfigurationList = B9E2CF7926FFB2D7008D617E /* Build configuration list for PBXProject "ChromaCam" */;
			compatibilityVersion = "Xcode 13.0";
			developmentRegion = en;
			hasScannedForEncodings = 0;
			knownRegions = (
				en,
				Base,
			);
			mainGroup = B9E2CF7526FFB2D7008D617E;
			productRefGroup = B9E2CF7F26FFB2D7008D617E /* Products */;
			projectDirPath = "";
			projectRoot = "";
			targets = (
				B9E2CF7D26FFB2D7008D617E /* ChromaCam */,
			);
		};
/* End PBXProject section */

/* Begin PBXResourcesBuildPhase section */
		B9E2CF7C26FFB2D7008D617E /* Resources */ = {
			isa = PBXResourcesBuildPhase;
			buildActionMask = 2147483647;
			files = (
				B9E2CF9126FFB2D9008D617E /* LaunchScreen.storyboard in Resources */,
				B9E2CF8E26FFB2D9008D617E /* Assets.xcassets in Resources */,
				B9E2CF8C26FFB2D7008D617E /* Main.storyboard in Resources */,
			);
			runOnlyForDeploymentPostprocessing = 0;
		};
/* End PBXResourcesBuildPhase section */

/* Begin PBXSourcesBuildPhase section */
		B9E2CF7A26FFB2D7008D617E /* Sources */ = {
			isa = PBXSourcesBuildPhase;
			buildActionMask = 2147483647;
			files = (
				B9CE5054270A42E800FCD024 /* ScrollViewSlider.m in Sources */,
				B9E2CF8926FFB2D7008D617E /* ViewController.m in Sources */,
				B9E2CF8326FFB2D7008D617E /* AppDelegate.m in Sources */,
				B9CE504E2707D5E600FCD024 /* CaptureSessionConfigurationQueue.c in Sources */,
				B9CE504B2707BA7900FCD024 /* UIView+AVCaptureVideoPreviewLayer.m in Sources */,
				B9CE5051270A429400FCD024 /* ScaleSliderOverlayLayer.m in Sources */,
				B9E2CF9426FFB2D9008D617E /* main.m in Sources */,
				B9E2CF8626FFB2D7008D617E /* SceneDelegate.m in Sources */,
			);
			runOnlyForDeploymentPostprocessing = 0;
		};
/* End PBXSourcesBuildPhase section */

/* Begin PBXVariantGroup section */
		B9E2CF8A26FFB2D7008D617E /* Main.storyboard */ = {
			isa = PBXVariantGroup;
			children = (
				B9E2CF8B26FFB2D7008D617E /* Base */,
			);
			name = Main.storyboard;
			sourceTree = "<group>";
		};
		B9E2CF8F26FFB2D9008D617E /* LaunchScreen.storyboard */ = {
			isa = PBXVariantGroup;
			children = (
				B9E2CF9026FFB2D9008D617E /* Base */,
			);
			name = LaunchScreen.storyboard;
			sourceTree = "<group>";
		};
/* End PBXVariantGroup section */

/* Begin XCBuildConfiguration section */
		B9E2CF9526FFB2D9008D617E /* Debug */ = {
			isa = XCBuildConfiguration;
			buildSettings = {
				ALWAYS_SEARCH_USER_PATHS = NO;
				CLANG_ANALYZER_NONNULL = YES;
				CLANG_ANALYZER_NUMBER_OBJECT_CONVERSION = YES_AGGRESSIVE;
				CLANG_CXX_LANGUAGE_STANDARD = "gnu++17";
				CLANG_CXX_LIBRARY = "libc++";
				CLANG_ENABLE_MODULES = YES;
				CLANG_ENABLE_OBJC_ARC = YES;
				CLANG_ENABLE_OBJC_WEAK = YES;
				CLANG_WARN_BLOCK_CAPTURE_AUTORELEASING = YES;
				CLANG_WARN_BOOL_CONVERSION = YES;
				CLANG_WARN_COMMA = YES;
				CLANG_WARN_CONSTANT_CONVERSION = YES;
				CLANG_WARN_DEPRECATED_OBJC_IMPLEMENTATIONS = YES;
				CLANG_WARN_DIRECT_OBJC_ISA_USAGE = YES_ERROR;
				CLANG_WARN_DOCUMENTATION_COMMENTS = YES;
				CLANG_WARN_EMPTY_BODY = YES;
				CLANG_WARN_ENUM_CONVERSION = YES;
				CLANG_WARN_INFINITE_RECURSION = YES;
				CLANG_WARN_INT_CONVERSION = YES;
				CLANG_WARN_NON_LITERAL_NULL_CONVERSION = YES;
				CLANG_WARN_OBJC_IMPLICIT_RETAIN_SELF = YES;
				CLANG_WARN_OBJC_LITERAL_CONVERSION = YES;
				CLANG_WARN_OBJC_ROOT_CLASS = YES_ERROR;
				CLANG_WARN_QUOTED_INCLUDE_IN_FRAMEWORK_HEADER = YES;
				CLANG_WARN_RANGE_LOOP_ANALYSIS = YES;
				CLANG_WARN_STRICT_PROTOTYPES = YES;
				CLANG_WARN_SUSPICIOUS_MOVE = YES;
				CLANG_WARN_UNGUARDED_AVAILABILITY = YES_AGGRESSIVE;
				CLANG_WARN_UNREACHABLE_CODE = YES;
				CLANG_WARN__DUPLICATE_METHOD_MATCH = YES;
				COPY_PHASE_STRIP = NO;
				DEBUG_INFORMATION_FORMAT = dwarf;
				ENABLE_STRICT_OBJC_MSGSEND = YES;
				ENABLE_TESTABILITY = YES;
				GCC_C_LANGUAGE_STANDARD = gnu11;
				GCC_DYNAMIC_NO_PIC = NO;
				GCC_NO_COMMON_BLOCKS = YES;
				GCC_OPTIMIZATION_LEVEL = 0;
				GCC_PREPROCESSOR_DEFINITIONS = (
					"DEBUG=1",
					"$(inherited)",
				);
				GCC_WARN_64_TO_32_BIT_CONVERSION = YES;
				GCC_WARN_ABOUT_RETURN_TYPE = YES_ERROR;
				GCC_WARN_UNDECLARED_SELECTOR = YES;
				GCC_WARN_UNINITIALIZED_AUTOS = YES_AGGRESSIVE;
				GCC_WARN_UNUSED_FUNCTION = YES;
				GCC_WARN_UNUSED_VARIABLE = YES;
				IPHONEOS_DEPLOYMENT_TARGET = 15.0;
				MTL_ENABLE_DEBUG_INFO = INCLUDE_SOURCE;
				MTL_FAST_MATH = YES;
				ONLY_ACTIVE_ARCH = YES;
				SDKROOT = iphoneos;
			};
			name = Debug;
		};
		B9E2CF9626FFB2D9008D617E /* Release */ = {
			isa = XCBuildConfiguration;
			buildSettings = {
				ALWAYS_SEARCH_USER_PATHS = NO;
				CLANG_ANALYZER_NONNULL = YES;
				CLANG_ANALYZER_NUMBER_OBJECT_CONVERSION = YES_AGGRESSIVE;
				CLANG_CXX_LANGUAGE_STANDARD = "gnu++17";
				CLANG_CXX_LIBRARY = "libc++";
				CLANG_ENABLE_MODULES = YES;
				CLANG_ENABLE_OBJC_ARC = YES;
				CLANG_ENABLE_OBJC_WEAK = YES;
				CLANG_WARN_BLOCK_CAPTURE_AUTORELEASING = YES;
				CLANG_WARN_BOOL_CONVERSION = YES;
				CLANG_WARN_COMMA = YES;
				CLANG_WARN_CONSTANT_CONVERSION = YES;
				CLANG_WARN_DEPRECATED_OBJC_IMPLEMENTATIONS = YES;
				CLANG_WARN_DIRECT_OBJC_ISA_USAGE = YES_ERROR;
				CLANG_WARN_DOCUMENTATION_COMMENTS = YES;
				CLANG_WARN_EMPTY_BODY = YES;
				CLANG_WARN_ENUM_CONVERSION = YES;
				CLANG_WARN_INFINITE_RECURSION = YES;
				CLANG_WARN_INT_CONVERSION = YES;
				CLANG_WARN_NON_LITERAL_NULL_CONVERSION = YES;
				CLANG_WARN_OBJC_IMPLICIT_RETAIN_SELF = YES;
				CLANG_WARN_OBJC_LITERAL_CONVERSION = YES;
				CLANG_WARN_OBJC_ROOT_CLASS = YES_ERROR;
				CLANG_WARN_QUOTED_INCLUDE_IN_FRAMEWORK_HEADER = YES;
				CLANG_WARN_RANGE_LOOP_ANALYSIS = YES;
				CLANG_WARN_STRICT_PROTOTYPES = YES;
				CLANG_WARN_SUSPICIOUS_MOVE = YES;
				CLANG_WARN_UNGUARDED_AVAILABILITY = YES_AGGRESSIVE;
				CLANG_WARN_UNREACHABLE_CODE = YES;
				CLANG_WARN__DUPLICATE_METHOD_MATCH = YES;
				COPY_PHASE_STRIP = NO;
				DEBUG_INFORMATION_FORMAT = "dwarf-with-dsym";
				ENABLE_NS_ASSERTIONS = NO;
				ENABLE_STRICT_OBJC_MSGSEND = YES;
				GCC_C_LANGUAGE_STANDARD = gnu11;
				GCC_NO_COMMON_BLOCKS = YES;
				GCC_WARN_64_TO_32_BIT_CONVERSION = YES;
				GCC_WARN_ABOUT_RETURN_TYPE = YES_ERROR;
				GCC_WARN_UNDECLARED_SELECTOR = YES;
				GCC_WARN_UNINITIALIZED_AUTOS = YES_AGGRESSIVE;
				GCC_WARN_UNUSED_FUNCTION = YES;
				GCC_WARN_UNUSED_VARIABLE = YES;
				IPHONEOS_DEPLOYMENT_TARGET = 15.0;
				MTL_ENABLE_DEBUG_INFO = NO;
				MTL_FAST_MATH = YES;
				SDKROOT = iphoneos;
				VALIDATE_PRODUCT = YES;
			};
			name = Release;
		};
		B9E2CF9826FFB2D9008D617E /* Debug */ = {
			isa = XCBuildConfiguration;
			buildSettings = {
				ASSETCATALOG_COMPILER_APPICON_NAME = AppIcon;
				ASSETCATALOG_COMPILER_GLOBAL_ACCENT_COLOR_NAME = AccentColor;
				CODE_SIGN_STYLE = Automatic;
				CURRENT_PROJECT_VERSION = 1;
				DEVELOPMENT_TEAM = N9987K9442;
				GENERATE_INFOPLIST_FILE = YES;
				INFOPLIST_FILE = ChromaCam/Info.plist;
				INFOPLIST_KEY_NSCameraUsageDescription = "";
				INFOPLIST_KEY_UIApplicationSupportsIndirectInputEvents = YES;
				INFOPLIST_KEY_UILaunchStoryboardName = LaunchScreen;
				INFOPLIST_KEY_UIMainStoryboardFile = Main;
				INFOPLIST_KEY_UIStatusBarHidden = YES;
				INFOPLIST_KEY_UISupportedInterfaceOrientations = UIInterfaceOrientationPortrait;
				INFOPLIST_KEY_UISupportedInterfaceOrientations_iPad = "UIInterfaceOrientationPortrait UIInterfaceOrientationPortraitUpsideDown UIInterfaceOrientationLandscapeLeft UIInterfaceOrientationLandscapeRight";
				INFOPLIST_KEY_UISupportedInterfaceOrientations_iPhone = "UIInterfaceOrientationPortrait UIInterfaceOrientationLandscapeLeft UIInterfaceOrientationLandscapeRight";
				IPHONEOS_DEPLOYMENT_TARGET = 15.0;
				LD_RUNPATH_SEARCH_PATHS = (
					"$(inherited)",
					"@executable_path/Frameworks",
				);
				MARKETING_VERSION = 1.0;
				PRODUCT_BUNDLE_IDENTIFIER = com.blogspot.demonicactivity.bush.alan.james.ChromaCam;
				PRODUCT_NAME = "$(TARGET_NAME)";
				SWIFT_EMIT_LOC_STRINGS = YES;
				TARGETED_DEVICE_FAMILY = 1;
			};
			name = Debug;
		};
		B9E2CF9926FFB2D9008D617E /* Release */ = {
			isa = XCBuildConfiguration;
			buildSettings = {
				ASSETCATALOG_COMPILER_APPICON_NAME = AppIcon;
				ASSETCATALOG_COMPILER_GLOBAL_ACCENT_COLOR_NAME = AccentColor;
				CODE_SIGN_STYLE = Automatic;
				CURRENT_PROJECT_VERSION = 1;
				DEVELOPMENT_TEAM = N9987K9442;
				GENERATE_INFOPLIST_FILE = YES;
				INFOPLIST_FILE = ChromaCam/Info.plist;
				INFOPLIST_KEY_NSCameraUsageDescription = "";
				INFOPLIST_KEY_UIApplicationSupportsIndirectInputEvents = YES;
				INFOPLIST_KEY_UILaunchStoryboardName = LaunchScreen;
				INFOPLIST_KEY_UIMainStoryboardFile = Main;
				INFOPLIST_KEY_UIStatusBarHidden = YES;
				INFOPLIST_KEY_UISupportedInterfaceOrientations = UIInterfaceOrientationPortrait;
				INFOPLIST_KEY_UISupportedInterfaceOrientations_iPad = "UIInterfaceOrientationPortrait UIInterfaceOrientationPortraitUpsideDown UIInterfaceOrientationLandscapeLeft UIInterfaceOrientationLandscapeRight";
				INFOPLIST_KEY_UISupportedInterfaceOrientations_iPhone = "UIInterfaceOrientationPortrait UIInterfaceOrientationLandscapeLeft UIInterfaceOrientationLandscapeRight";
				IPHONEOS_DEPLOYMENT_TARGET = 15.0;
				LD_RUNPATH_SEARCH_PATHS = (
					"$(inherited)",
					"@executable_path/Frameworks",
				);
				MARKETING_VERSION = 1.0;
				PRODUCT_BUNDLE_IDENTIFIER = com.blogspot.demonicactivity.bush.alan.james.ChromaCam;
				PRODUCT_NAME = "$(TARGET_NAME)";
				SWIFT_EMIT_LOC_STRINGS = YES;
				TARGETED_DEVICE_FAMILY = 1;
			};
			name = Release;
		};
/* End XCBuildConfiguration section */

/* Begin XCConfigurationList section */
		B9E2CF7926FFB2D7008D617E /* Build configuration list for PBXProject "ChromaCam" */ = {
			isa = XCConfigurationList;
			buildConfigurations = (
				B9E2CF9526FFB2D9008D617E /* Debug */,
				B9E2CF9626FFB2D9008D617E /* Release */,
			);
			defaultConfigurationIsVisible = 0;
			defaultConfigurationName = Release;
		};
		B9E2CF9726FFB2D9008D617E /* Build configuration list for PBXNativeTarget "ChromaCam" */ = {
			isa = XCConfigurationList;
			buildConfigurations = (
				B9E2CF9826FFB2D9008D617E /* Debug */,
				B9E2CF9926FFB2D9008D617E /* Release */,
			);
			defaultConfigurationIsVisible = 0;
			defaultConfigurationName = Release;
		};
/* End XCConfigurationList section */
	};
	rootObject = B9E2CF7626FFB2D7008D617E /* Project object */;
}
